
Microsoft Visual Studio Solution File, Format Version 12.00
# Visual Studio Version 17
VisualStudioVersion = 17.3.32819.101
MinimumVisualStudioVersion = 10.0.40219.1
Project("{FAE04EC0-301F-11D3-BF4B-00C04F79EFBC}") = "Lab3", "Lab3.csproj", "{B8CFA399-A337-42F8-BC23-D617B32587FC}"
EndProject
Project("{FAE04EC0-301F-11D3-BF4B-00C04F79EFBC}") = "WpfLibrary1", "..\WpfLibrary1\WpfLibrary1.csproj", "{F7BA9053-798A-424E-BD3A-088E584A23D3}"
EndProject
Global
	GlobalSection(SolutionConfigurationPlatforms) = preSolution
		Debug|Any CPU = Debug|Any CPU
		Release|Any CPU = Release|Any CPU
	EndGlobalSection
	GlobalSection(ProjectConfigurationPlatforms) = postSolution
		{B8CFA399-A337-42F8-BC23-D617B32587FC}.Debug|Any CPU.ActiveCfg = Debug|Any CPU
		{B8CFA399-A337-42F8-BC23-D617B32587FC}.Debug|Any CPU.Build.0 = Debug|Any CPU
		{B8CFA399-A337-42F8-BC23-D617B32587FC}.Release|Any CPU.ActiveCfg = Release|Any CPU
		{B8CFA399-A337-42F8-BC23-D617B32587FC}.Release|Any CPU.Build.0 = Release|Any CPU
		{F7BA9053-798A-424E-BD3A-088E584A23D3}.Debug|Any CPU.ActiveCfg = Debug|Any CPU
		{F7BA9053-798A-424E-BD3A-088E584A23D3}.Debug|Any CPU.Build.0 = Debug|Any CPU
		{F7BA9053-798A-424E-BD3A-088E584A23D3}.Release|Any CPU.ActiveCfg = Release|Any CPU
		{F7BA9053-798A-424E-BD3A-088E584A23D3}.Release|Any CPU.Build.0 = Release|Any CPU
	EndGlobalSection
	GlobalSection(SolutionProperties) = preSolution
		HideSolutionNode = FALSE
	EndGlobalSection
	GlobalSection(ExtensibilityGlobals) = postSolution
		SolutionGuid = {F3BFCF84-1DAA-4C82-AD5C-A796F095C5DF}
	EndGlobalSection
EndGlobal
